
Microsoft Visual Studio Solution File, Format Version 12.00
# Visual Studio Version 17
VisualStudioVersion = 17.0.31903.59
MinimumVisualStudioVersion = 10.0.40219.1
Project("{2150E333-8FDC-42A3-9474-1A3956D46DE8}") = "src", "src", "{827E0CD3-B72D-47B6-A68D-7590B98EB39B}"
EndProject
Project("{2150E333-8FDC-42A3-9474-1A3956D46DE8}") = "Api.Contracts", "Api.Contracts", "{617D4D3E-F573-B4CE-3784-AF69F1936CD2}"
EndProject
Project("{FAE04EC0-301F-11D3-BF4B-00C04F79EFBC}") = "PrimeScore.Api.Contracts", "src\Api.Contracts\PrimeScore.Api.Contracts\PrimeScore.Api.Contracts.csproj", "{18303BE7-39EE-45F2-AF88-0304162140F5}"
EndProject
Project("{2150E333-8FDC-42A3-9474-1A3956D46DE8}") = "Host", "Host", "{981C2CF6-E5BB-602A-511C-234B538302B0}"
EndProject
Project("{FAE04EC0-301F-11D3-BF4B-00C04F79EFBC}") = "PrimeScore.Engine.Host", "src\Host\PrimeScore.Engine.Host\PrimeScore.Engine.Host.csproj", "{212395B0-ABF3-40CF-8DF2-9A27FF36571C}"
EndProject
Project("{2150E333-8FDC-42A3-9474-1A3956D46DE8}") = "SharedKernel", "SharedKernel", "{85F909CB-8F14-ECC8-BA9D-713D1771907F}"
EndProject
Project("{FAE04EC0-301F-11D3-BF4B-00C04F79EFBC}") = "PrimeScore.SharedKernel", "src\SharedKernel\PrimeScore.SharedKernel\PrimeScore.SharedKernel.csproj", "{EE0AE360-AA59-48B6-99AF-E8216A4C99E7}"
EndProject
Project("{2150E333-8FDC-42A3-9474-1A3956D46DE8}") = "Ledger", "Ledger", "{32C53A22-04B9-2792-0B54-D6286FDF9318}"
EndProject
Project("{FAE04EC0-301F-11D3-BF4B-00C04F79EFBC}") = "PrimeScore.Ledger", "src\Ledger\PrimeScore.Ledger\PrimeScore.Ledger.csproj", "{950D05C2-039D-4C3D-B395-1C1338FA8E51}"
EndProject
Project("{2150E333-8FDC-42A3-9474-1A3956D46DE8}") = "Modules", "Modules", "{EC447DCF-ABFA-6E24-52A5-D7FD48A5C558}"
EndProject
Project("{2150E333-8FDC-42A3-9474-1A3956D46DE8}") = "Ingestion", "Ingestion", "{AD089A1E-BDEB-F09F-ED14-4341B5B9A8AC}"
EndProject
Project("{FAE04EC0-301F-11D3-BF4B-00C04F79EFBC}") = "PrimeScore.Modules.Ingestion", "src\Modules\Ingestion\PrimeScore.Modules.Ingestion\PrimeScore.Modules.Ingestion.csproj", "{B2B0CC4F-5C1F-42B6-B546-998D6E2C423D}"
EndProject
Project("{FAE04EC0-301F-11D3-BF4B-00C04F79EFBC}") = "PrimeScore.Modules.Ingestion.Contracts", "src\Modules\Ingestion\PrimeScore.Modules.Ingestion.Contracts\PrimeScore.Modules.Ingestion.Contracts.csproj", "{6993DE55-DBE2-4C6B-8216-89DEAA957002}"
EndProject
Project("{2150E333-8FDC-42A3-9474-1A3956D46DE8}") = "Classification", "Classification", "{B1C191A3-F674-54F3-5CC6-2B19241EEA8A}"
EndProject
Project("{FAE04EC0-301F-11D3-BF4B-00C04F79EFBC}") = "PrimeScore.Modules.Classification", "src\Modules\Classification\PrimeScore.Modules.Classification\PrimeScore.Modules.Classification.csproj", "{A6269D40-EBB9-4E30-9832-4737FE45A321}"
EndProject
Project("{FAE04EC0-301F-11D3-BF4B-00C04F79EFBC}") = "PrimeScore.Modules.Classification.Contracts", "src\Modules\Classification\PrimeScore.Modules.Classification.Contracts\PrimeScore.Modules.Classification.Contracts.csproj", "{FD704DF8-5F58-456E-A995-43F47F04EA36}"
EndProject
Project("{2150E333-8FDC-42A3-9474-1A3956D46DE8}") = "Decision", "Decision", "{E1E967B8-46A8-3BDB-8451-EBEC8C4539C4}"
EndProject
Project("{FAE04EC0-301F-11D3-BF4B-00C04F79EFBC}") = "PrimeScore.Modules.Decision", "src\Modules\Decision\PrimeScore.Modules.Decision\PrimeScore.Modules.Decision.csproj", "{908BD66B-A46E-4421-B196-410C7B9D0064}"
EndProject
Project("{FAE04EC0-301F-11D3-BF4B-00C04F79EFBC}") = "PrimeScore.Modules.Decision.Contracts", "src\Modules\Decision\PrimeScore.Modules.Decision.Contracts\PrimeScore.Modules.Decision.Contracts.csproj", "{FAE01CC9-916F-4EF9-A0FA-FA15BFB3BB58}"
EndProject
Project("{2150E333-8FDC-42A3-9474-1A3956D46DE8}") = "Analytics", "Analytics", "{DA0A0FAD-B77D-FDD6-35C5-001386650F99}"
EndProject
Project("{FAE04EC0-301F-11D3-BF4B-00C04F79EFBC}") = "PrimeScore.Modules.Analytics", "src\Modules\Analytics\PrimeScore.Modules.Analytics\PrimeScore.Modules.Analytics.csproj", "{BCA82DAD-35B4-4CAE-8D21-DF0A044A4EF2}"
EndProject
Project("{FAE04EC0-301F-11D3-BF4B-00C04F79EFBC}") = "PrimeScore.Modules.Analytics.Contracts", "src\Modules\Analytics\PrimeScore.Modules.Analytics.Contracts\PrimeScore.Modules.Analytics.Contracts.csproj", "{37790288-BF98-4891-9A68-F497486BD5FA}"
EndProject
Project("{2150E333-8FDC-42A3-9474-1A3956D46DE8}") = "Configuration", "Configuration", "{AD543401-B4A7-AC95-DA94-6718F3C81BEB}"
EndProject
Project("{FAE04EC0-301F-11D3-BF4B-00C04F79EFBC}") = "PrimeScore.Modules.Configuration", "src\Modules\Configuration\PrimeScore.Modules.Configuration\PrimeScore.Modules.Configuration.csproj", "{233853AE-0510-4612-A89E-41350523C364}"
EndProject
Project("{FAE04EC0-301F-11D3-BF4B-00C04F79EFBC}") = "PrimeScore.Modules.Configuration.Contracts", "src\Modules\Configuration\PrimeScore.Modules.Configuration.Contracts\PrimeScore.Modules.Configuration.Contracts.csproj", "{B9E5DAAD-D7DE-4138-8643-4066AAE21756}"
EndProject
Project("{2150E333-8FDC-42A3-9474-1A3956D46DE8}") = "Positions", "Positions", "{021AED0E-C5A6-A7D3-EF95-02C414790136}"
EndProject
Project("{FAE04EC0-301F-11D3-BF4B-00C04F79EFBC}") = "PrimeScore.Modules.Positions.Contracts", "src\Modules\Positions\PrimeScore.Modules.Positions.Contracts\PrimeScore.Modules.Positions.Contracts.csproj", "{7CF8234F-314D-4334-8C8C-3EE80E13E4B9}"
EndProject
Project("{2150E333-8FDC-42A3-9474-1A3956D46DE8}") = "Exits", "Exits", "{EBF0AB17-E381-38D1-839B-1F58D667A2D4}"
EndProject
Project("{FAE04EC0-301F-11D3-BF4B-00C04F79EFBC}") = "PrimeScore.Modules.Exits.Contracts", "src\Modules\Exits\PrimeScore.Modules.Exits.Contracts\PrimeScore.Modules.Exits.Contracts.csproj", "{225E1402-CD56-486B-BAB3-5974B214178B}"
EndProject
Project("{2150E333-8FDC-42A3-9474-1A3956D46DE8}") = "Risk", "Risk", "{44FDE0E6-7779-84AA-514B-9B22FE9E35B6}"
EndProject
Project("{FAE04EC0-301F-11D3-BF4B-00C04F79EFBC}") = "PrimeScore.Modules.Risk.Contracts", "src\Modules\Risk\PrimeScore.Modules.Risk.Contracts\PrimeScore.Modules.Risk.Contracts.csproj", "{AEF63413-8228-4AD5-92DE-A10A553236D1}"
EndProject
Project("{2150E333-8FDC-42A3-9474-1A3956D46DE8}") = "tests", "tests", "{0AB3BF05-4346-4AA6-1389-037BE0695223}"
EndProject
Project("{FAE04EC0-301F-11D3-BF4B-00C04F79EFBC}") = "PrimeScore.Acceptance.Api", "tests\PrimeScore.Acceptance.Api\PrimeScore.Acceptance.Api.csproj", "{CB97A176-373D-4544-A2C2-81E2FA2F3218}"
EndProject
Project("{FAE04EC0-301F-11D3-BF4B-00C04F79EFBC}") = "PrimeScore.Ledger.Tests", "tests\PrimeScore.Ledger.Tests\PrimeScore.Ledger.Tests.csproj", "{D4B17E0E-ADFE-41BC-B6D9-1D73D227241C}"
EndProject
Project("{FAE04EC0-301F-11D3-BF4B-00C04F79EFBC}") = "PrimeScore.SharedKernel.Tests", "tests\PrimeScore.SharedKernel.Tests\PrimeScore.SharedKernel.Tests.csproj", "{32BF131C-7F4D-4208-AFB1-DC635D570548}"
EndProject
Project("{FAE04EC0-301F-11D3-BF4B-00C04F79EFBC}") = "PrimeScore.Structural", "tests\PrimeScore.Structural\PrimeScore.Structural.csproj", "{08454366-FFFE-408B-9326-46227725E170}"
EndProject
Project("{FAE04EC0-301F-11D3-BF4B-00C04F79EFBC}") = "PrimeScore.Modules.Ingestion.Tests", "tests\PrimeScore.Modules.Ingestion.Tests\PrimeScore.Modules.Ingestion.Tests.csproj", "{5D071350-1289-48BB-9906-75DCD631B6CA}"
EndProject
Global
	GlobalSection(SolutionConfigurationPlatforms) = preSolution
		Debug|Any CPU = Debug|Any CPU
		Debug|x64 = Debug|x64
		Debug|x86 = Debug|x86
		Release|Any CPU = Release|Any CPU
		Release|x64 = Release|x64
		Release|x86 = Release|x86
	EndGlobalSection
	GlobalSection(ProjectConfigurationPlatforms) = postSolution
		{18303BE7-39EE-45F2-AF88-0304162140F5}.Debug|Any CPU.ActiveCfg = Debug|Any CPU
		{18303BE7-39EE-45F2-AF88-0304162140F5}.Debug|Any CPU.Build.0 = Debug|Any CPU
		{18303BE7-39EE-45F2-AF88-0304162140F5}.Debug|x64.ActiveCfg = Debug|Any CPU
		{18303BE7-39EE-45F2-AF88-0304162140F5}.Debug|x64.Build.0 = Debug|Any CPU
		{18303BE7-39EE-45F2-AF88-0304162140F5}.Debug|x86.ActiveCfg = Debug|Any CPU
		{18303BE7-39EE-45F2-AF88-0304162140F5}.Debug|x86.Build.0 = Debug|Any CPU
		{18303BE7-39EE-45F2-AF88-0304162140F5}.Release|Any CPU.ActiveCfg = Release|Any CPU
		{18303BE7-39EE-45F2-AF88-0304162140F5}.Release|Any CPU.Build.0 = Release|Any CPU
		{18303BE7-39EE-45F2-AF88-0304162140F5}.Release|x64.ActiveCfg = Release|Any CPU
		{18303BE7-39EE-45F2-AF88-0304162140F5}.Release|x64.Build.0 = Release|Any CPU
		{18303BE7-39EE-45F2-AF88-0304162140F5}.Release|x86.ActiveCfg = Release|Any CPU
		{18303BE7-39EE-45F2-AF88-0304162140F5}.Release|x86.Build.0 = Release|Any CPU
		{212395B0-ABF3-40CF-8DF2-9A27FF36571C}.Debug|Any CPU.ActiveCfg = Debug|Any CPU
		{212395B0-ABF3-40CF-8DF2-9A27FF36571C}.Debug|Any CPU.Build.0 = Debug|Any CPU
		{212395B0-ABF3-40CF-8DF2-9A27FF36571C}.Debug|x64.ActiveCfg = Debug|Any CPU
		{212395B0-ABF3-40CF-8DF2-9A27FF36571C}.Debug|x64.Build.0 = Debug|Any CPU
		{212395B0-ABF3-40CF-8DF2-9A27FF36571C}.Debug|x86.ActiveCfg = Debug|Any CPU
		{212395B0-ABF3-40CF-8DF2-9A27FF36571C}.Debug|x86.Build.0 = Debug|Any CPU
		{212395B0-ABF3-40CF-8DF2-9A27FF36571C}.Release|Any CPU.ActiveCfg = Release|Any CPU
		{212395B0-ABF3-40CF-8DF2-9A27FF36571C}.Release|Any CPU.Build.0 = Release|Any CPU
		{212395B0-ABF3-40CF-8DF2-9A27FF36571C}.Release|x64.ActiveCfg = Release|Any CPU
		{212395B0-ABF3-40CF-8DF2-9A27FF36571C}.Release|x64.Build.0 = Release|Any CPU
		{212395B0-ABF3-40CF-8DF2-9A27FF36571C}.Release|x86.ActiveCfg = Release|Any CPU
		{212395B0-ABF3-40CF-8DF2-9A27FF36571C}.Release|x86.Build.0 = Release|Any CPU
		{EE0AE360-AA59-48B6-99AF-E8216A4C99E7}.Debug|Any CPU.ActiveCfg = Debug|Any CPU
		{EE0AE360-AA59-48B6-99AF-E8216A4C99E7}.Debug|Any CPU.Build.0 = Debug|Any CPU
		{EE0AE360-AA59-48B6-99AF-E8216A4C99E7}.Debug|x64.ActiveCfg = Debug|Any CPU
		{EE0AE360-AA59-48B6-99AF-E8216A4C99E7}.Debug|x64.Build.0 = Debug|Any CPU
		{EE0AE360-AA59-48B6-99AF-E8216A4C99E7}.Debug|x86.ActiveCfg = Debug|Any CPU
		{EE0AE360-AA59-48B6-99AF-E8216A4C99E7}.Debug|x86.Build.0 = Debug|Any CPU
		{EE0AE360-AA59-48B6-99AF-E8216A4C99E7}.Release|Any CPU.ActiveCfg = Release|Any CPU
		{EE0AE360-AA59-48B6-99AF-E8216A4C99E7}.Release|Any CPU.Build.0 = Release|Any CPU
		{EE0AE360-AA59-48B6-99AF-E8216A4C99E7}.Release|x64.ActiveCfg = Release|Any CPU
		{EE0AE360-AA59-48B6-99AF-E8216A4C99E7}.Release|x64.Build.0 = Release|Any CPU
		{EE0AE360-AA59-48B6-99AF-E8216A4C99E7}.Release|x86.ActiveCfg = Release|Any CPU
		{EE0AE360-AA59-48B6-99AF-E8216A4C99E7}.Release|x86.Build.0 = Release|Any CPU
		{950D05C2-039D-4C3D-B395-1C1338FA8E51}.Debug|Any CPU.ActiveCfg = Debug|Any CPU
		{950D05C2-039D-4C3D-B395-1C1338FA8E51}.Debug|Any CPU.Build.0 = Debug|Any CPU
		{950D05C2-039D-4C3D-B395-1C1338FA8E51}.Debug|x64.ActiveCfg = Debug|Any CPU
		{950D05C2-039D-4C3D-B395-1C1338FA8E51}.Debug|x64.Build.0 = Debug|Any CPU
		{950D05C2-039D-4C3D-B395-1C1338FA8E51}.Debug|x86.ActiveCfg = Debug|Any CPU
		{950D05C2-039D-4C3D-B395-1C1338FA8E51}.Debug|x86.Build.0 = Debug|Any CPU
		{950D05C2-039D-4C3D-B395-1C1338FA8E51}.Release|Any CPU.ActiveCfg = Release|Any CPU
		{950D05C2-039D-4C3D-B395-1C1338FA8E51}.Release|Any CPU.Build.0 = Release|Any CPU
		{950D05C2-039D-4C3D-B395-1C1338FA8E51}.Release|x64.ActiveCfg = Release|Any CPU
		{950D05C2-039D-4C3D-B395-1C1338FA8E51}.Release|x64.Build.0 = Release|Any CPU
		{950D05C2-039D-4C3D-B395-1C1338FA8E51}.Release|x86.ActiveCfg = Release|Any CPU
		{950D05C2-039D-4C3D-B395-1C1338FA8E51}.Release|x86.Build.0 = Release|Any CPU
		{B2B0CC4F-5C1F-42B6-B546-998D6E2C423D}.Debug|Any CPU.ActiveCfg = Debug|Any CPU
		{B2B0CC4F-5C1F-42B6-B546-998D6E2C423D}.Debug|Any CPU.Build.0 = Debug|Any CPU
		{B2B0CC4F-5C1F-42B6-B546-998D6E2C423D}.Debug|x64.ActiveCfg = Debug|Any CPU
		{B2B0CC4F-5C1F-42B6-B546-998D6E2C423D}.Debug|x64.Build.0 = Debug|Any CPU
		{B2B0CC4F-5C1F-42B6-B546-998D6E2C423D}.Debug|x86.ActiveCfg = Debug|Any CPU
		{B2B0CC4F-5C1F-42B6-B546-998D6E2C423D}.Debug|x86.Build.0 = Debug|Any CPU
		{B2B0CC4F-5C1F-42B6-B546-998D6E2C423D}.Release|Any CPU.ActiveCfg = Release|Any CPU
		{B2B0CC4F-5C1F-42B6-B546-998D6E2C423D}.Release|Any CPU.Build.0 = Release|Any CPU
		{B2B0CC4F-5C1F-42B6-B546-998D6E2C423D}.Release|x64.ActiveCfg = Release|Any CPU
		{B2B0CC4F-5C1F-42B6-B546-998D6E2C423D}.Release|x64.Build.0 = Release|Any CPU
		{B2B0CC4F-5C1F-42B6-B546-998D6E2C423D}.Release|x86.ActiveCfg = Release|Any CPU
		{B2B0CC4F-5C1F-42B6-B546-998D6E2C423D}.Release|x86.Build.0 = Release|Any CPU
		{6993DE55-DBE2-4C6B-8216-89DEAA957002}.Debug|Any CPU.ActiveCfg = Debug|Any CPU
		{6993DE55-DBE2-4C6B-8216-89DEAA957002}.Debug|Any CPU.Build.0 = Debug|Any CPU
		{6993DE55-DBE2-4C6B-8216-89DEAA957002}.Debug|x64.ActiveCfg = Debug|Any CPU
		{6993DE55-DBE2-4C6B-8216-89DEAA957002}.Debug|x64.Build.0 = Debug|Any CPU
		{6993DE55-DBE2-4C6B-8216-89DEAA957002}.Debug|x86.ActiveCfg = Debug|Any CPU
		{6993DE55-DBE2-4C6B-8216-89DEAA957002}.Debug|x86.Build.0 = Debug|Any CPU
		{6993DE55-DBE2-4C6B-8216-89DEAA957002}.Release|Any CPU.ActiveCfg = Release|Any CPU
		{6993DE55-DBE2-4C6B-8216-89DEAA957002}.Release|Any CPU.Build.0 = Release|Any CPU
		{6993DE55-DBE2-4C6B-8216-89DEAA957002}.Release|x64.ActiveCfg = Release|Any CPU
		{6993DE55-DBE2-4C6B-8216-89DEAA957002}.Release|x64.Build.0 = Release|Any CPU
		{6993DE55-DBE2-4C6B-8216-89DEAA957002}.Release|x86.ActiveCfg = Release|Any CPU
		{6993DE55-DBE2-4C6B-8216-89DEAA957002}.Release|x86.Build.0 = Release|Any CPU
		{A6269D40-EBB9-4E30-9832-4737FE45A321}.Debug|Any CPU.ActiveCfg = Debug|Any CPU
		{A6269D40-EBB9-4E30-9832-4737FE45A321}.Debug|Any CPU.Build.0 = Debug|Any CPU
		{A6269D40-EBB9-4E30-9832-4737FE45A321}.Debug|x64.ActiveCfg = Debug|Any CPU
		{A6269D40-EBB9-4E30-9832-4737FE45A321}.Debug|x64.Build.0 = Debug|Any CPU
		{A6269D40-EBB9-4E30-9832-4737FE45A321}.Debug|x86.ActiveCfg = Debug|Any CPU
		{A6269D40-EBB9-4E30-9832-4737FE45A321}.Debug|x86.Build.0 = Debug|Any CPU
		{A6269D40-EBB9-4E30-9832-4737FE45A321}.Release|Any CPU.ActiveCfg = Release|Any CPU
		{A6269D40-EBB9-4E30-9832-4737FE45A321}.Release|Any CPU.Build.0 = Release|Any CPU
		{A6269D40-EBB9-4E30-9832-4737FE45A321}.Release|x64.ActiveCfg = Release|Any CPU
		{A6269D40-EBB9-4E30-9832-4737FE45A321}.Release|x64.Build.0 = Release|Any CPU
		{A6269D40-EBB9-4E30-9832-4737FE45A321}.Release|x86.ActiveCfg = Release|Any CPU
		{A6269D40-EBB9-4E30-9832-4737FE45A321}.Release|x86.Build.0 = Release|Any CPU
		{FD704DF8-5F58-456E-A995-43F47F04EA36}.Debug|Any CPU.ActiveCfg = Debug|Any CPU
		{FD704DF8-5F58-456E-A995-43F47F04EA36}.Debug|Any CPU.Build.0 = Debug|Any CPU
		{FD704DF8-5F58-456E-A995-43F47F04EA36}.Debug|x64.ActiveCfg = Debug|Any CPU
		{FD704DF8-5F58-456E-A995-43F47F04EA36}.Debug|x64.Build.0 = Debug|Any CPU
		{FD704DF8-5F58-456E-A995-43F47F04EA36}.Debug|x86.ActiveCfg = Debug|Any CPU
		{FD704DF8-5F58-456E-A995-43F47F04EA36}.Debug|x86.Build.0 = Debug|Any CPU
		{FD704DF8-5F58-456E-A995-43F47F04EA36}.Release|Any CPU.ActiveCfg = Release|Any CPU
		{FD704DF8-5F58-456E-A995-43F47F04EA36}.Release|Any CPU.Build.0 = Release|Any CPU
		{FD704DF8-5F58-456E-A995-43F47F04EA36}.Release|x64.ActiveCfg = Release|Any CPU
		{FD704DF8-5F58-456E-A995-43F47F04EA36}.Release|x64.Build.0 = Release|Any CPU
		{FD704DF8-5F58-456E-A995-43F47F04EA36}.Release|x86.ActiveCfg = Release|Any CPU
		{FD704DF8-5F58-456E-A995-43F47F04EA36}.Release|x86.Build.0 = Release|Any CPU
		{908BD66B-A46E-4421-B196-410C7B9D0064}.Debug|Any CPU.ActiveCfg = Debug|Any CPU
		{908BD66B-A46E-4421-B196-410C7B9D0064}.Debug|Any CPU.Build.0 = Debug|Any CPU
		{908BD66B-A46E-4421-B196-410C7B9D0064}.Debug|x64.ActiveCfg = Debug|Any CPU
		{908BD66B-A46E-4421-B196-410C7B9D0064}.Debug|x64.Build.0 = Debug|Any CPU
		{908BD66B-A46E-4421-B196-410C7B9D0064}.Debug|x86.ActiveCfg = Debug|Any CPU
		{908BD66B-A46E-4421-B196-410C7B9D0064}.Debug|x86.Build.0 = Debug|Any CPU
		{908BD66B-A46E-4421-B196-410C7B9D0064}.Release|Any CPU.ActiveCfg = Release|Any CPU
		{908BD66B-A46E-4421-B196-410C7B9D0064}.Release|Any CPU.Build.0 = Release|Any CPU
		{908BD66B-A46E-4421-B196-410C7B9D0064}.Release|x64.ActiveCfg = Release|Any CPU
		{908BD66B-A46E-4421-B196-410C7B9D0064}.Release|x64.Build.0 = Release|Any CPU
		{908BD66B-A46E-4421-B196-410C7B9D0064}.Release|x86.ActiveCfg = Release|Any CPU
		{908BD66B-A46E-4421-B196-410C7B9D0064}.Release|x86.Build.0 = Release|Any CPU
		{FAE01CC9-916F-4EF9-A0FA-FA15BFB3BB58}.Debug|Any CPU.ActiveCfg = Debug|Any CPU
		{FAE01CC9-916F-4EF9-A0FA-FA15BFB3BB58}.Debug|Any CPU.Build.0 = Debug|Any CPU
		{FAE01CC9-916F-4EF9-A0FA-FA15BFB3BB58}.Debug|x64.ActiveCfg = Debug|Any CPU
		{FAE01CC9-916F-4EF9-A0FA-FA15BFB3BB58}.Debug|x64.Build.0 = Debug|Any CPU
		{FAE01CC9-916F-4EF9-A0FA-FA15BFB3BB58}.Debug|x86.ActiveCfg = Debug|Any CPU
		{FAE01CC9-916F-4EF9-A0FA-FA15BFB3BB58}.Debug|x86.Build.0 = Debug|Any CPU
		{FAE01CC9-916F-4EF9-A0FA-FA15BFB3BB58}.Release|Any CPU.ActiveCfg = Release|Any CPU
		{FAE01CC9-916F-4EF9-A0FA-FA15BFB3BB58}.Release|Any CPU.Build.0 = Release|Any CPU
		{FAE01CC9-916F-4EF9-A0FA-FA15BFB3BB58}.Release|x64.ActiveCfg = Release|Any CPU
		{FAE01CC9-916F-4EF9-A0FA-FA15BFB3BB58}.Release|x64.Build.0 = Release|Any CPU
		{FAE01CC9-916F-4EF9-A0FA-FA15BFB3BB58}.Release|x86.ActiveCfg = Release|Any CPU
		{FAE01CC9-916F-4EF9-A0FA-FA15BFB3BB58}.Release|x86.Build.0 = Release|Any CPU
		{BCA82DAD-35B4-4CAE-8D21-DF0A044A4EF2}.Debug|Any CPU.ActiveCfg = Debug|Any CPU
		{BCA82DAD-35B4-4CAE-8D21-DF0A044A4EF2}.Debug|Any CPU.Build.0 = Debug|Any CPU
		{BCA82DAD-35B4-4CAE-8D21-DF0A044A4EF2}.Debug|x64.ActiveCfg = Debug|Any CPU
		{BCA82DAD-35B4-4CAE-8D21-DF0A044A4EF2}.Debug|x64.Build.0 = Debug|Any CPU
		{BCA82DAD-35B4-4CAE-8D21-DF0A044A4EF2}.Debug|x86.ActiveCfg = Debug|Any CPU
		{BCA82DAD-35B4-4CAE-8D21-DF0A044A4EF2}.Debug|x86.Build.0 = Debug|Any CPU
		{BCA82DAD-35B4-4CAE-8D21-DF0A044A4EF2}.Release|Any CPU.ActiveCfg = Release|Any CPU
		{BCA82DAD-35B4-4CAE-8D21-DF0A044A4EF2}.Release|Any CPU.Build.0 = Release|Any CPU
		{BCA82DAD-35B4-4CAE-8D21-DF0A044A4EF2}.Release|x64.ActiveCfg = Release|Any CPU
		{BCA82DAD-35B4-4CAE-8D21-DF0A044A4EF2}.Release|x64.Build.0 = Release|Any CPU
		{BCA82DAD-35B4-4CAE-8D21-DF0A044A4EF2}.Release|x86.ActiveCfg = Release|Any CPU
		{BCA82DAD-35B4-4CAE-8D21-DF0A044A4EF2}.Release|x86.Build.0 = Release|Any CPU
		{37790288-BF98-4891-9A68-F497486BD5FA}.Debug|Any CPU.ActiveCfg = Debug|Any CPU
		{37790288-BF98-4891-9A68-F497486BD5FA}.Debug|Any CPU.Build.0 = Debug|Any CPU
		{37790288-BF98-4891-9A68-F497486BD5FA}.Debug|x64.ActiveCfg = Debug|Any CPU
		{37790288-BF98-4891-9A68-F497486BD5FA}.Debug|x64.Build.0 = Debug|Any CPU
		{37790288-BF98-4891-9A68-F497486BD5FA}.Debug|x86.ActiveCfg = Debug|Any CPU
		{37790288-BF98-4891-9A68-F497486BD5FA}.Debug|x86.Build.0 = Debug|Any CPU
		{37790288-BF98-4891-9A68-F497486BD5FA}.Release|Any CPU.ActiveCfg = Release|Any CPU
		{37790288-BF98-4891-9A68-F497486BD5FA}.Release|Any CPU.Build.0 = Release|Any CPU
		{37790288-BF98-4891-9A68-F497486BD5FA}.Release|x64.ActiveCfg = Release|Any CPU
		{37790288-BF98-4891-9A68-F497486BD5FA}.Release|x64.Build.0 = Release|Any CPU
		{37790288-BF98-4891-9A68-F497486BD5FA}.Release|x86.ActiveCfg = Release|Any CPU
		{37790288-BF98-4891-9A68-F497486BD5FA}.Release|x86.Build.0 = Release|Any CPU
		{233853AE-0510-4612-A89E-41350523C364}.Debug|Any CPU.ActiveCfg = Debug|Any CPU
		{233853AE-0510-4612-A89E-41350523C364}.Debug|Any CPU.Build.0 = Debug|Any CPU
		{233853AE-0510-4612-A89E-41350523C364}.Debug|x64.ActiveCfg = Debug|Any CPU
		{233853AE-0510-4612-A89E-41350523C364}.Debug|x64.Build.0 = Debug|Any CPU
		{233853AE-0510-4612-A89E-41350523C364}.Debug|x86.ActiveCfg = Debug|Any CPU
		{233853AE-0510-4612-A89E-41350523C364}.Debug|x86.Build.0 = Debug|Any CPU
		{233853AE-0510-4612-A89E-41350523C364}.Release|Any CPU.ActiveCfg = Release|Any CPU
		{233853AE-0510-4612-A89E-41350523C364}.Release|Any CPU.Build.0 = Release|Any CPU
		{233853AE-0510-4612-A89E-41350523C364}.Release|x64.ActiveCfg = Release|Any CPU
		{233853AE-0510-4612-A89E-41350523C364}.Release|x64.Build.0 = Release|Any CPU
		{233853AE-0510-4612-A89E-41350523C364}.Release|x86.ActiveCfg = Release|Any CPU
		{233853AE-0510-4612-A89E-41350523C364}.Release|x86.Build.0 = Release|Any CPU
		{B9E5DAAD-D7DE-4138-8643-4066AAE21756}.Debug|Any CPU.ActiveCfg = Debug|Any CPU
		{B9E5DAAD-D7DE-4138-8643-4066AAE21756}.Debug|Any CPU.Build.0 = Debug|Any CPU
		{B9E5DAAD-D7DE-4138-8643-4066AAE21756}.Debug|x64.ActiveCfg = Debug|Any CPU
		{B9E5DAAD-D7DE-4138-8643-4066AAE21756}.Debug|x64.Build.0 = Debug|Any CPU
		{B9E5DAAD-D7DE-4138-8643-4066AAE21756}.Debug|x86.ActiveCfg = Debug|Any CPU
		{B9E5DAAD-D7DE-4138-8643-4066AAE21756}.Debug|x86.Build.0 = Debug|Any CPU
		{B9E5DAAD-D7DE-4138-8643-4066AAE21756}.Release|Any CPU.ActiveCfg = Release|Any CPU
		{B9E5DAAD-D7DE-4138-8643-4066AAE21756}.Release|Any CPU.Build.0 = Release|Any CPU
		{B9E5DAAD-D7DE-4138-8643-4066AAE21756}.Release|x64.ActiveCfg = Release|Any CPU
		{B9E5DAAD-D7DE-4138-8643-4066AAE21756}.Release|x64.Build.0 = Release|Any CPU
		{B9E5DAAD-D7DE-4138-8643-4066AAE21756}.Release|x86.ActiveCfg = Release|Any CPU
		{B9E5DAAD-D7DE-4138-8643-4066AAE21756}.Release|x86.Build.0 = Release|Any CPU
		{7CF8234F-314D-4334-8C8C-3EE80E13E4B9}.Debug|Any CPU.ActiveCfg = Debug|Any CPU
		{7CF8234F-314D-4334-8C8C-3EE80E13E4B9}.Debug|Any CPU.Build.0 = Debug|Any CPU
		{7CF8234F-314D-4334-8C8C-3EE80E13E4B9}.Debug|x64.ActiveCfg = Debug|Any CPU
		{7CF8234F-314D-4334-8C8C-3EE80E13E4B9}.Debug|x64.Build.0 = Debug|Any CPU
		{7CF8234F-314D-4334-8C8C-3EE80E13E4B9}.Debug|x86.ActiveCfg = Debug|Any CPU
		{7CF8234F-314D-4334-8C8C-3EE80E13E4B9}.Debug|x86.Build.0 = Debug|Any CPU
		{7CF8234F-314D-4334-8C8C-3EE80E13E4B9}.Release|Any CPU.ActiveCfg = Release|Any CPU
		{7CF8234F-314D-4334-8C8C-3EE80E13E4B9}.Release|Any CPU.Build.0 = Release|Any CPU
		{7CF8234F-314D-4334-8C8C-3EE80E13E4B9}.Release|x64.ActiveCfg = Release|Any CPU
		{7CF8234F-314D-4334-8C8C-3EE80E13E4B9}.Release|x64.Build.0 = Release|Any CPU
		{7CF8234F-314D-4334-8C8C-3EE80E13E4B9}.Release|x86.ActiveCfg = Release|Any CPU
		{7CF8234F-314D-4334-8C8C-3EE80E13E4B9}.Release|x86.Build.0 = Release|Any CPU
		{225E1402-CD56-486B-BAB3-5974B214178B}.Debug|Any CPU.ActiveCfg = Debug|Any CPU
		{225E1402-CD56-486B-BAB3-5974B214178B}.Debug|Any CPU.Build.0 = Debug|Any CPU
		{225E1402-CD56-486B-BAB3-5974B214178B}.Debug|x64.ActiveCfg = Debug|Any CPU
		{225E1402-CD56-486B-BAB3-5974B214178B}.Debug|x64.Build.0 = Debug|Any CPU
		{225E1402-CD56-486B-BAB3-5974B214178B}.Debug|x86.ActiveCfg = Debug|Any CPU
		{225E1402-CD56-486B-BAB3-5974B214178B}.Debug|x86.Build.0 = Debug|Any CPU
		{225E1402-CD56-486B-BAB3-5974B214178B}.Release|Any CPU.ActiveCfg = Release|Any CPU
		{225E1402-CD56-486B-BAB3-5974B214178B}.Release|Any CPU.Build.0 = Release|Any CPU
		{225E1402-CD56-486B-BAB3-5974B214178B}.Release|x64.ActiveCfg = Release|Any CPU
		{225E1402-CD56-486B-BAB3-5974B214178B}.Release|x64.Build.0 = Release|Any CPU
		{225E1402-CD56-486B-BAB3-5974B214178B}.Release|x86.ActiveCfg = Release|Any CPU
		{225E1402-CD56-486B-BAB3-5974B214178B}.Release|x86.Build.0 = Release|Any CPU
		{AEF63413-8228-4AD5-92DE-A10A553236D1}.Debug|Any CPU.ActiveCfg = Debug|Any CPU
		{AEF63413-8228-4AD5-92DE-A10A553236D1}.Debug|Any CPU.Build.0 = Debug|Any CPU
		{AEF63413-8228-4AD5-92DE-A10A553236D1}.Debug|x64.ActiveCfg = Debug|Any CPU
		{AEF63413-8228-4AD5-92DE-A10A553236D1}.Debug|x64.Build.0 = Debug|Any CPU
		{AEF63413-8228-4AD5-92DE-A10A553236D1}.Debug|x86.ActiveCfg = Debug|Any CPU
		{AEF63413-8228-4AD5-92DE-A10A553236D1}.Debug|x86.Build.0 = Debug|Any CPU
		{AEF63413-8228-4AD5-92DE-A10A553236D1}.Release|Any CPU.ActiveCfg = Release|Any CPU
		{AEF63413-8228-4AD5-92DE-A10A553236D1}.Release|Any CPU.Build.0 = Release|Any CPU
		{AEF63413-8228-4AD5-92DE-A10A553236D1}.Release|x64.ActiveCfg = Release|Any CPU
		{AEF63413-8228-4AD5-92DE-A10A553236D1}.Release|x64.Build.0 = Release|Any CPU
		{AEF63413-8228-4AD5-92DE-A10A553236D1}.Release|x86.ActiveCfg = Release|Any CPU
		{AEF63413-8228-4AD5-92DE-A10A553236D1}.Release|x86.Build.0 = Release|Any CPU
		{CB97A176-373D-4544-A2C2-81E2FA2F3218}.Debug|Any CPU.ActiveCfg = Debug|Any CPU
		{CB97A176-373D-4544-A2C2-81E2FA2F3218}.Debug|Any CPU.Build.0 = Debug|Any CPU
		{CB97A176-373D-4544-A2C2-81E2FA2F3218}.Debug|x64.ActiveCfg = Debug|Any CPU
		{CB97A176-373D-4544-A2C2-81E2FA2F3218}.Debug|x64.Build.0 = Debug|Any CPU
		{CB97A176-373D-4544-A2C2-81E2FA2F3218}.Debug|x86.ActiveCfg = Debug|Any CPU
		{CB97A176-373D-4544-A2C2-81E2FA2F3218}.Debug|x86.Build.0 = Debug|Any CPU
		{CB97A176-373D-4544-A2C2-81E2FA2F3218}.Release|Any CPU.ActiveCfg = Release|Any CPU
		{CB97A176-373D-4544-A2C2-81E2FA2F3218}.Release|Any CPU.Build.0 = Release|Any CPU
		{CB97A176-373D-4544-A2C2-81E2FA2F3218}.Release|x64.ActiveCfg = Release|Any CPU
		{CB97A176-373D-4544-A2C2-81E2FA2F3218}.Release|x64.Build.0 = Release|Any CPU
		{CB97A176-373D-4544-A2C2-81E2FA2F3218}.Release|x86.ActiveCfg = Release|Any CPU
		{CB97A176-373D-4544-A2C2-81E2FA2F3218}.Release|x86.Build.0 = Release|Any CPU
		{D4B17E0E-ADFE-41BC-B6D9-1D73D227241C}.Debug|Any CPU.ActiveCfg = Debug|Any CPU
		{D4B17E0E-ADFE-41BC-B6D9-1D73D227241C}.Debug|Any CPU.Build.0 = Debug|Any CPU
		{D4B17E0E-ADFE-41BC-B6D9-1D73D227241C}.Debug|x64.ActiveCfg = Debug|Any CPU
		{D4B17E0E-ADFE-41BC-B6D9-1D73D227241C}.Debug|x64.Build.0 = Debug|Any CPU
		{D4B17E0E-ADFE-41BC-B6D9-1D73D227241C}.Debug|x86.ActiveCfg = Debug|Any CPU
		{D4B17E0E-ADFE-41BC-B6D9-1D73D227241C}.Debug|x86.Build.0 = Debug|Any CPU
		{D4B17E0E-ADFE-41BC-B6D9-1D73D227241C}.Release|Any CPU.ActiveCfg = Release|Any CPU
		{D4B17E0E-ADFE-41BC-B6D9-1D73D227241C}.Release|Any CPU.Build.0 = Release|Any CPU
		{D4B17E0E-ADFE-41BC-B6D9-1D73D227241C}.Release|x64.ActiveCfg = Release|Any CPU
		{D4B17E0E-ADFE-41BC-B6D9-1D73D227241C}.Release|x64.Build.0 = Release|Any CPU
		{D4B17E0E-ADFE-41BC-B6D9-1D73D227241C}.Release|x86.ActiveCfg = Release|Any CPU
		{D4B17E0E-ADFE-41BC-B6D9-1D73D227241C}.Release|x86.Build.0 = Release|Any CPU
		{32BF131C-7F4D-4208-AFB1-DC635D570548}.Debug|Any CPU.ActiveCfg = Debug|Any CPU
		{32BF131C-7F4D-4208-AFB1-DC635D570548}.Debug|Any CPU.Build.0 = Debug|Any CPU
		{32BF131C-7F4D-4208-AFB1-DC635D570548}.Debug|x64.ActiveCfg = Debug|Any CPU
		{32BF131C-7F4D-4208-AFB1-DC635D570548}.Debug|x64.Build.0 = Debug|Any CPU
		{32BF131C-7F4D-4208-AFB1-DC635D570548}.Debug|x86.ActiveCfg = Debug|Any CPU
		{32BF131C-7F4D-4208-AFB1-DC635D570548}.Debug|x86.Build.0 = Debug|Any CPU
		{32BF131C-7F4D-4208-AFB1-DC635D570548}.Release|Any CPU.ActiveCfg = Release|Any CPU
		{32BF131C-7F4D-4208-AFB1-DC635D570548}.Release|Any CPU.Build.0 = Release|Any CPU
		{32BF131C-7F4D-4208-AFB1-DC635D570548}.Release|x64.ActiveCfg = Release|Any CPU
		{32BF131C-7F4D-4208-AFB1-DC635D570548}.Release|x64.Build.0 = Release|Any CPU
		{32BF131C-7F4D-4208-AFB1-DC635D570548}.Release|x86.ActiveCfg = Release|Any CPU
		{32BF131C-7F4D-4208-AFB1-DC635D570548}.Release|x86.Build.0 = Release|Any CPU
		{08454366-FFFE-408B-9326-46227725E170}.Debug|Any CPU.ActiveCfg = Debug|Any CPU
		{08454366-FFFE-408B-9326-46227725E170}.Debug|Any CPU.Build.0 = Debug|Any CPU
		{08454366-FFFE-408B-9326-46227725E170}.Debug|x64.ActiveCfg = Debug|Any CPU
		{08454366-FFFE-408B-9326-46227725E170}.Debug|x64.Build.0 = Debug|Any CPU
		{08454366-FFFE-408B-9326-46227725E170}.Debug|x86.ActiveCfg = Debug|Any CPU
		{08454366-FFFE-408B-9326-46227725E170}.Debug|x86.Build.0 = Debug|Any CPU
		{08454366-FFFE-408B-9326-46227725E170}.Release|Any CPU.ActiveCfg = Release|Any CPU
		{08454366-FFFE-408B-9326-46227725E170}.Release|Any CPU.Build.0 = Release|Any CPU
		{08454366-FFFE-408B-9326-46227725E170}.Release|x64.ActiveCfg = Release|Any CPU
		{08454366-FFFE-408B-9326-46227725E170}.Release|x64.Build.0 = Release|Any CPU
		{08454366-FFFE-408B-9326-46227725E170}.Release|x86.ActiveCfg = Release|Any CPU
		{08454366-FFFE-408B-9326-46227725E170}.Release|x86.Build.0 = Release|Any CPU
		{5D071350-1289-48BB-9906-75DCD631B6CA}.Debug|Any CPU.ActiveCfg = Debug|Any CPU
		{5D071350-1289-48BB-9906-75DCD631B6CA}.Debug|Any CPU.Build.0 = Debug|Any CPU
		{5D071350-1289-48BB-9906-75DCD631B6CA}.Debug|x64.ActiveCfg = Debug|Any CPU
		{5D071350-1289-48BB-9906-75DCD631B6CA}.Debug|x64.Build.0 = Debug|Any CPU
		{5D071350-1289-48BB-9906-75DCD631B6CA}.Debug|x86.ActiveCfg = Debug|Any CPU
		{5D071350-1289-48BB-9906-75DCD631B6CA}.Debug|x86.Build.0 = Debug|Any CPU
		{5D071350-1289-48BB-9906-75DCD631B6CA}.Release|Any CPU.ActiveCfg = Release|Any CPU
		{5D071350-1289-48BB-9906-75DCD631B6CA}.Release|Any CPU.Build.0 = Release|Any CPU
		{5D071350-1289-48BB-9906-75DCD631B6CA}.Release|x64.ActiveCfg = Release|Any CPU
		{5D071350-1289-48BB-9906-75DCD631B6CA}.Release|x64.Build.0 = Release|Any CPU
		{5D071350-1289-48BB-9906-75DCD631B6CA}.Release|x86.ActiveCfg = Release|Any CPU
		{5D071350-1289-48BB-9906-75DCD631B6CA}.Release|x86.Build.0 = Release|Any CPU
	EndGlobalSection
	GlobalSection(SolutionProperties) = preSolution
		HideSolutionNode = FALSE
	EndGlobalSection
	GlobalSection(NestedProjects) = preSolution
		{617D4D3E-F573-B4CE-3784-AF69F1936CD2} = {827E0CD3-B72D-47B6-A68D-7590B98EB39B}
		{18303BE7-39EE-45F2-AF88-0304162140F5} = {617D4D3E-F573-B4CE-3784-AF69F1936CD2}
		{981C2CF6-E5BB-602A-511C-234B538302B0} = {827E0CD3-B72D-47B6-A68D-7590B98EB39B}
		{212395B0-ABF3-40CF-8DF2-9A27FF36571C} = {981C2CF6-E5BB-602A-511C-234B538302B0}
		{85F909CB-8F14-ECC8-BA9D-713D1771907F} = {827E0CD3-B72D-47B6-A68D-7590B98EB39B}
		{EE0AE360-AA59-48B6-99AF-E8216A4C99E7} = {85F909CB-8F14-ECC8-BA9D-713D1771907F}
		{32C53A22-04B9-2792-0B54-D6286FDF9318} = {827E0CD3-B72D-47B6-A68D-7590B98EB39B}
		{950D05C2-039D-4C3D-B395-1C1338FA8E51} = {32C53A22-04B9-2792-0B54-D6286FDF9318}
		{EC447DCF-ABFA-6E24-52A5-D7FD48A5C558} = {827E0CD3-B72D-47B6-A68D-7590B98EB39B}
		{AD089A1E-BDEB-F09F-ED14-4341B5B9A8AC} = {EC447DCF-ABFA-6E24-52A5-D7FD48A5C558}
		{B2B0CC4F-5C1F-42B6-B546-998D6E2C423D} = {AD089A1E-BDEB-F09F-ED14-4341B5B9A8AC}
		{6993DE55-DBE2-4C6B-8216-89DEAA957002} = {AD089A1E-BDEB-F09F-ED14-4341B5B9A8AC}
		{B1C191A3-F674-54F3-5CC6-2B19241EEA8A} = {EC447DCF-ABFA-6E24-52A5-D7FD48A5C558}
		{A6269D40-EBB9-4E30-9832-4737FE45A321} = {B1C191A3-F674-54F3-5CC6-2B19241EEA8A}
		{FD704DF8-5F58-456E-A995-43F47F04EA36} = {B1C191A3-F674-54F3-5CC6-2B19241EEA8A}
		{E1E967B8-46A8-3BDB-8451-EBEC8C4539C4} = {EC447DCF-ABFA-6E24-52A5-D7FD48A5C558}
		{908BD66B-A46E-4421-B196-410C7B9D0064} = {E1E967B8-46A8-3BDB-8451-EBEC8C4539C4}
		{FAE01CC9-916F-4EF9-A0FA-FA15BFB3BB58} = {E1E967B8-46A8-3BDB-8451-EBEC8C4539C4}
		{DA0A0FAD-B77D-FDD6-35C5-001386650F99} = {EC447DCF-ABFA-6E24-52A5-D7FD48A5C558}
		{BCA82DAD-35B4-4CAE-8D21-DF0A044A4EF2} = {DA0A0FAD-B77D-FDD6-35C5-001386650F99}
		{37790288-BF98-4891-9A68-F497486BD5FA} = {DA0A0FAD-B77D-FDD6-35C5-001386650F99}
		{AD543401-B4A7-AC95-DA94-6718F3C81BEB} = {EC447DCF-ABFA-6E24-52A5-D7FD48A5C558}
		{233853AE-0510-4612-A89E-41350523C364} = {AD543401-B4A7-AC95-DA94-6718F3C81BEB}
		{B9E5DAAD-D7DE-4138-8643-4066AAE21756} = {AD543401-B4A7-AC95-DA94-6718F3C81BEB}
		{021AED0E-C5A6-A7D3-EF95-02C414790136} = {EC447DCF-ABFA-6E24-52A5-D7FD48A5C558}
		{7CF8234F-314D-4334-8C8C-3EE80E13E4B9} = {021AED0E-C5A6-A7D3-EF95-02C414790136}
		{EBF0AB17-E381-38D1-839B-1F58D667A2D4} = {EC447DCF-ABFA-6E24-52A5-D7FD48A5C558}
		{225E1402-CD56-486B-BAB3-5974B214178B} = {EBF0AB17-E381-38D1-839B-1F58D667A2D4}
		{44FDE0E6-7779-84AA-514B-9B22FE9E35B6} = {EC447DCF-ABFA-6E24-52A5-D7FD48A5C558}
		{AEF63413-8228-4AD5-92DE-A10A553236D1} = {44FDE0E6-7779-84AA-514B-9B22FE9E35B6}
		{CB97A176-373D-4544-A2C2-81E2FA2F3218} = {0AB3BF05-4346-4AA6-1389-037BE0695223}
		{D4B17E0E-ADFE-41BC-B6D9-1D73D227241C} = {0AB3BF05-4346-4AA6-1389-037BE0695223}
		{32BF131C-7F4D-4208-AFB1-DC635D570548} = {0AB3BF05-4346-4AA6-1389-037BE0695223}
		{08454366-FFFE-408B-9326-46227725E170} = {0AB3BF05-4346-4AA6-1389-037BE0695223}
		{5D071350-1289-48BB-9906-75DCD631B6CA} = {0AB3BF05-4346-4AA6-1389-037BE0695223}
	EndGlobalSection
EndGlobal
